
Microsoft Visual Studio Solution File, Format Version 12.00
# Visual Studio Version 16
VisualStudioVersion = 16.0.30413.136
MinimumVisualStudioVersion = 10.0.40219.1
Project("{FAE04EC0-301F-11D3-BF4B-00C04F79EFBC}") = "SaveCopyFile", "SaveCopyFile.csproj", "{A830F106-6B2C-4C3F-87E2-01FB1660DE42}"
EndProject
Global
	GlobalSection(SolutionConfigurationPlatforms) = preSolution
		Debug|Any CPU = Debug|Any CPU
		Release|Any CPU = Release|Any CPU
	EndGlobalSection
	GlobalSection(ProjectConfigurationPlatforms) = postSolution
		{A830F106-6B2C-4C3F-87E2-01FB1660DE42}.Debug|Any CPU.ActiveCfg = Debug|Any CPU
		{A830F106-6B2C-4C3F-87E2-01FB1660DE42}.Debug|Any CPU.Build.0 = Debug|Any CPU
		{A830F106-6B2C-4C3F-87E2-01FB1660DE42}.Release|Any CPU.ActiveCfg = Release|Any CPU
		{A830F106-6B2C-4C3F-87E2-01FB1660DE42}.Release|Any CPU.Build.0 = Release|Any CPU
	EndGlobalSection
	GlobalSection(SolutionProperties) = preSolution
		HideSolutionNode = FALSE
	EndGlobalSection
	GlobalSection(ExtensibilityGlobals) = postSolution
		SolutionGuid = {8C382B60-904B-4A34-9FAF-12C9E9352242}
	EndGlobalSection
EndGlobal
